// !$*UTF8*$!
{
	archiveVersion = 1;
	classes = {
	};
	objectVersion = 51;
	objects = {

/* Begin PBXBuildFile section */
		2B04696923E1EB0A00BF8F24 /* MapViewController.swift in Sources */ = {isa = PBXBuildFile; fileRef = 2B04696823E1EB0A00BF8F24 /* MapViewController.swift */; };
		2B04696B23E1EC5800BF8F24 /* UsageAnnotationView.swift in Sources */ = {isa = PBXBuildFile; fileRef = 2B04696A23E1EC5800BF8F24 /* UsageAnnotationView.swift */; };
		2B04696E23E1F59200BF8F24 /* StatisticsViewController.swift in Sources */ = {isa = PBXBuildFile; fileRef = 2B04696D23E1F59200BF8F24 /* StatisticsViewController.swift */; };
		2B0E561823DD90A1003C3FA9 /* UsagesRequest.swift in Sources */ = {isa = PBXBuildFile; fileRef = 2B0E561723DD90A1003C3FA9 /* UsagesRequest.swift */; };
		2B0E561B23DDA07B003C3FA9 /* AppDetailViewController.swift in Sources */ = {isa = PBXBuildFile; fileRef = 2B0E561A23DDA07B003C3FA9 /* AppDetailViewController.swift */; };
		2B0E561D23DDAAE9003C3FA9 /* Utils.swift in Sources */ = {isa = PBXBuildFile; fileRef = 2B0E561C23DDAAE9003C3FA9 /* Utils.swift */; };
		2B0E561F23DDABF9003C3FA9 /* UsageCell.swift in Sources */ = {isa = PBXBuildFile; fileRef = 2B0E561E23DDABF9003C3FA9 /* UsageCell.swift */; };
		2B23FBD923C9E25700D264AC /* SeleccionarAppsVC.swift in Sources */ = {isa = PBXBuildFile; fileRef = 2B23FBD823C9E25700D264AC /* SeleccionarAppsVC.swift */; };
		2B23FBDB23C9E48000D264AC /* AppCell.swift in Sources */ = {isa = PBXBuildFile; fileRef = 2B23FBDA23C9E48000D264AC /* AppCell.swift */; };
		2B23FBDD23C9E55E00D264AC /* App.swift in Sources */ = {isa = PBXBuildFile; fileRef = 2B23FBDC23C9E55E00D264AC /* App.swift */; };
		2B593D5623A8D02200656FC4 /* EditUserVC.swift in Sources */ = {isa = PBXBuildFile; fileRef = 2B593D5523A8D02200656FC4 /* EditUserVC.swift */; };
		2B73052A23E8660E008B0404 /* User.swift in Sources */ = {isa = PBXBuildFile; fileRef = 2B73052923E8660E008B0404 /* User.swift */; };
		2B7DBE2A23F1EB06008DE7FA /* UpdateUser.swift in Sources */ = {isa = PBXBuildFile; fileRef = 2B7DBE2923F1EB06008DE7FA /* UpdateUser.swift */; };
		2B7DBE2D23F20589008DE7FA /* ControlViewController.swift in Sources */ = {isa = PBXBuildFile; fileRef = 2B7DBE2C23F20589008DE7FA /* ControlViewController.swift */; };
		2B80A21223A77F94002EC3AE /* RegisterVC.swift in Sources */ = {isa = PBXBuildFile; fileRef = 2B80A21123A77F94002EC3AE /* RegisterVC.swift */; };
		2B80A21423A78435002EC3AE /* RecoverVC.swift in Sources */ = {isa = PBXBuildFile; fileRef = 2B80A21323A78435002EC3AE /* RecoverVC.swift */; };
		2BCB02FF23A3A6FC00F64ECE /* AppDelegate.swift in Sources */ = {isa = PBXBuildFile; fileRef = 2BCB02FE23A3A6FC00F64ECE /* AppDelegate.swift */; };
		2BCB030323A3A6FC00F64ECE /* ViewController.swift in Sources */ = {isa = PBXBuildFile; fileRef = 2BCB030223A3A6FC00F64ECE /* ViewController.swift */; };
		2BCB030623A3A6FC00F64ECE /* Main.storyboard in Resources */ = {isa = PBXBuildFile; fileRef = 2BCB030423A3A6FC00F64ECE /* Main.storyboard */; };
		2BCB030823A3A6FC00F64ECE /* Assets.xcassets in Resources */ = {isa = PBXBuildFile; fileRef = 2BCB030723A3A6FC00F64ECE /* Assets.xcassets */; };
		2BCB030B23A3A6FC00F64ECE /* LaunchScreen.storyboard in Resources */ = {isa = PBXBuildFile; fileRef = 2BCB030923A3A6FC00F64ECE /* LaunchScreen.storyboard */; };
		2BCB031623A3A6FD00F64ECE /* Bienestar_Digital_iOSTests.swift in Sources */ = {isa = PBXBuildFile; fileRef = 2BCB031523A3A6FD00F64ECE /* Bienestar_Digital_iOSTests.swift */; };
		2BCB032123A3A6FD00F64ECE /* Bienestar_Digital_iOSUITests.swift in Sources */ = {isa = PBXBuildFile; fileRef = 2BCB032023A3A6FD00F64ECE /* Bienestar_Digital_iOSUITests.swift */; };
		2BDCA27423D5D39600FF9089 /* usage.csv in Resources */ = {isa = PBXBuildFile; fileRef = 2BDCA27323D5D39600FF9089 /* usage.csv */; };
		2BFC53D123D76CAC00394986 /* Usage.swift in Sources */ = {isa = PBXBuildFile; fileRef = 2BFC53CF23D76A9200394986 /* Usage.swift */; };
		2BFC53D323D77C5F00394986 /* UsageRegistration.swift in Sources */ = {isa = PBXBuildFile; fileRef = 2BFC53D223D77C5F00394986 /* UsageRegistration.swift */; };
		4AA6A545217E990E339BA23A /* Pods_Bienestar_Digital_iOSTests.framework in Frameworks */ = {isa = PBXBuildFile; fileRef = 519AAA1335DAA7DEBE6350CC /* Pods_Bienestar_Digital_iOSTests.framework */; };
		82C730B3EF26D4154FED6DCF /* Pods_Bienestar_Digital_iOS.framework in Frameworks */ = {isa = PBXBuildFile; fileRef = C8BB77CD2907CD69A5780BFB /* Pods_Bienestar_Digital_iOS.framework */; };
		F632EFAB83D2CAED1C46544E /* Pods_Bienestar_Digital_iOS_Bienestar_Digital_iOSUITests.framework in Frameworks */ = {isa = PBXBuildFile; fileRef = 4850376D36DAE5E0EDDA9A89 /* Pods_Bienestar_Digital_iOS_Bienestar_Digital_iOSUITests.framework */; };
/* End PBXBuildFile section */

/* Begin PBXContainerItemProxy section */
		2BCB031223A3A6FD00F64ECE /* PBXContainerItemProxy */ = {
			isa = PBXContainerItemProxy;
			containerPortal = 2BCB02F323A3A6FC00F64ECE /* Project object */;
			proxyType = 1;
			remoteGlobalIDString = 2BCB02FA23A3A6FC00F64ECE;
			remoteInfo = "Bienestar-Digital-iOS";
		};
		2BCB031D23A3A6FD00F64ECE /* PBXContainerItemProxy */ = {
			isa = PBXContainerItemProxy;
			containerPortal = 2BCB02F323A3A6FC00F64ECE /* Project object */;
			proxyType = 1;
			remoteGlobalIDString = 2BCB02FA23A3A6FC00F64ECE;
			remoteInfo = "Bienestar-Digital-iOS";
		};
/* End PBXContainerItemProxy section */

/* Begin PBXFileReference section */
		1250D4717B2B53B9A2AFBF6B /* Pods-Bienestar-Digital-iOSTests.debug.xcconfig */ = {isa = PBXFileReference; includeInIndex = 1; lastKnownFileType = text.xcconfig; name = "Pods-Bienestar-Digital-iOSTests.debug.xcconfig"; path = "Target Support Files/Pods-Bienestar-Digital-iOSTests/Pods-Bienestar-Digital-iOSTests.debug.xcconfig"; sourceTree = "<group>"; };
		2353C03280CD80D1BE78B9AB /* Pods-Bienestar-Digital-iOS-Bienestar-Digital-iOSUITests.debug.xcconfig */ = {isa = PBXFileReference; includeInIndex = 1; lastKnownFileType = text.xcconfig; name = "Pods-Bienestar-Digital-iOS-Bienestar-Digital-iOSUITests.debug.xcconfig"; path = "Target Support Files/Pods-Bienestar-Digital-iOS-Bienestar-Digital-iOSUITests/Pods-Bienestar-Digital-iOS-Bienestar-Digital-iOSUITests.debug.xcconfig"; sourceTree = "<group>"; };
		2B04696823E1EB0A00BF8F24 /* MapViewController.swift */ = {isa = PBXFileReference; lastKnownFileType = sourcecode.swift; path = MapViewController.swift; sourceTree = "<group>"; };
		2B04696A23E1EC5800BF8F24 /* UsageAnnotationView.swift */ = {isa = PBXFileReference; lastKnownFileType = sourcecode.swift; path = UsageAnnotationView.swift; sourceTree = "<group>"; };
		2B04696D23E1F59200BF8F24 /* StatisticsViewController.swift */ = {isa = PBXFileReference; lastKnownFileType = sourcecode.swift; path = StatisticsViewController.swift; sourceTree = "<group>"; };
		2B0E561723DD90A1003C3FA9 /* UsagesRequest.swift */ = {isa = PBXFileReference; lastKnownFileType = sourcecode.swift; path = UsagesRequest.swift; sourceTree = "<group>"; };
		2B0E561A23DDA07B003C3FA9 /* AppDetailViewController.swift */ = {isa = PBXFileReference; lastKnownFileType = sourcecode.swift; path = AppDetailViewController.swift; sourceTree = "<group>"; };
		2B0E561C23DDAAE9003C3FA9 /* Utils.swift */ = {isa = PBXFileReference; lastKnownFileType = sourcecode.swift; path = Utils.swift; sourceTree = "<group>"; };
		2B0E561E23DDABF9003C3FA9 /* UsageCell.swift */ = {isa = PBXFileReference; lastKnownFileType = sourcecode.swift; path = UsageCell.swift; sourceTree = "<group>"; };
		2B23FBD823C9E25700D264AC /* SeleccionarAppsVC.swift */ = {isa = PBXFileReference; lastKnownFileType = sourcecode.swift; path = SeleccionarAppsVC.swift; sourceTree = "<group>"; };
		2B23FBDA23C9E48000D264AC /* AppCell.swift */ = {isa = PBXFileReference; lastKnownFileType = sourcecode.swift; path = AppCell.swift; sourceTree = "<group>"; };
		2B23FBDC23C9E55E00D264AC /* App.swift */ = {isa = PBXFileReference; lastKnownFileType = sourcecode.swift; path = App.swift; sourceTree = "<group>"; };
		2B593D5523A8D02200656FC4 /* EditUserVC.swift */ = {isa = PBXFileReference; lastKnownFileType = sourcecode.swift; path = EditUserVC.swift; sourceTree = "<group>"; };
		2B73052923E8660E008B0404 /* User.swift */ = {isa = PBXFileReference; lastKnownFileType = sourcecode.swift; path = User.swift; sourceTree = "<group>"; };
		2B7DBE2923F1EB06008DE7FA /* UpdateUser.swift */ = {isa = PBXFileReference; lastKnownFileType = sourcecode.swift; path = UpdateUser.swift; sourceTree = "<group>"; };
		2B7DBE2C23F20589008DE7FA /* ControlViewController.swift */ = {isa = PBXFileReference; lastKnownFileType = sourcecode.swift; path = ControlViewController.swift; sourceTree = "<group>"; };
		2B80A21123A77F94002EC3AE /* RegisterVC.swift */ = {isa = PBXFileReference; lastKnownFileType = sourcecode.swift; path = RegisterVC.swift; sourceTree = "<group>"; };
		2B80A21323A78435002EC3AE /* RecoverVC.swift */ = {isa = PBXFileReference; lastKnownFileType = sourcecode.swift; path = RecoverVC.swift; sourceTree = "<group>"; };
		2BCB02FB23A3A6FC00F64ECE /* Bienestar-Digital-iOS.app */ = {isa = PBXFileReference; explicitFileType = wrapper.application; includeInIndex = 0; path = "Bienestar-Digital-iOS.app"; sourceTree = BUILT_PRODUCTS_DIR; };
		2BCB02FE23A3A6FC00F64ECE /* AppDelegate.swift */ = {isa = PBXFileReference; lastKnownFileType = sourcecode.swift; path = AppDelegate.swift; sourceTree = "<group>"; };
		2BCB030223A3A6FC00F64ECE /* ViewController.swift */ = {isa = PBXFileReference; lastKnownFileType = sourcecode.swift; path = ViewController.swift; sourceTree = "<group>"; };
		2BCB030523A3A6FC00F64ECE /* Base */ = {isa = PBXFileReference; lastKnownFileType = file.storyboard; name = Base; path = Base.lproj/Main.storyboard; sourceTree = "<group>"; };
		2BCB030723A3A6FC00F64ECE /* Assets.xcassets */ = {isa = PBXFileReference; lastKnownFileType = folder.assetcatalog; path = Assets.xcassets; sourceTree = "<group>"; };
		2BCB030A23A3A6FC00F64ECE /* Base */ = {isa = PBXFileReference; lastKnownFileType = file.storyboard; name = Base; path = Base.lproj/LaunchScreen.storyboard; sourceTree = "<group>"; };
		2BCB030C23A3A6FC00F64ECE /* Info.plist */ = {isa = PBXFileReference; lastKnownFileType = text.plist.xml; path = Info.plist; sourceTree = "<group>"; };
		2BCB031123A3A6FD00F64ECE /* Bienestar-Digital-iOSTests.xctest */ = {isa = PBXFileReference; explicitFileType = wrapper.cfbundle; includeInIndex = 0; path = "Bienestar-Digital-iOSTests.xctest"; sourceTree = BUILT_PRODUCTS_DIR; };
		2BCB031523A3A6FD00F64ECE /* Bienestar_Digital_iOSTests.swift */ = {isa = PBXFileReference; lastKnownFileType = sourcecode.swift; path = Bienestar_Digital_iOSTests.swift; sourceTree = "<group>"; };
		2BCB031723A3A6FD00F64ECE /* Info.plist */ = {isa = PBXFileReference; lastKnownFileType = text.plist.xml; path = Info.plist; sourceTree = "<group>"; };
		2BCB031C23A3A6FD00F64ECE /* Bienestar-Digital-iOSUITests.xctest */ = {isa = PBXFileReference; explicitFileType = wrapper.cfbundle; includeInIndex = 0; path = "Bienestar-Digital-iOSUITests.xctest"; sourceTree = BUILT_PRODUCTS_DIR; };
		2BCB032023A3A6FD00F64ECE /* Bienestar_Digital_iOSUITests.swift */ = {isa = PBXFileReference; lastKnownFileType = sourcecode.swift; path = Bienestar_Digital_iOSUITests.swift; sourceTree = "<group>"; };
		2BCB032223A3A6FD00F64ECE /* Info.plist */ = {isa = PBXFileReference; lastKnownFileType = text.plist.xml; path = Info.plist; sourceTree = "<group>"; };
		2BDCA27323D5D39600FF9089 /* usage.csv */ = {isa = PBXFileReference; fileEncoding = 4; lastKnownFileType = text; path = usage.csv; sourceTree = "<group>"; };
		2BFC53CF23D76A9200394986 /* Usage.swift */ = {isa = PBXFileReference; lastKnownFileType = sourcecode.swift; path = Usage.swift; sourceTree = "<group>"; };
		2BFC53D223D77C5F00394986 /* UsageRegistration.swift */ = {isa = PBXFileReference; lastKnownFileType = sourcecode.swift; path = UsageRegistration.swift; sourceTree = "<group>"; };
		4850376D36DAE5E0EDDA9A89 /* Pods_Bienestar_Digital_iOS_Bienestar_Digital_iOSUITests.framework */ = {isa = PBXFileReference; explicitFileType = wrapper.framework; includeInIndex = 0; path = Pods_Bienestar_Digital_iOS_Bienestar_Digital_iOSUITests.framework; sourceTree = BUILT_PRODUCTS_DIR; };
		519AAA1335DAA7DEBE6350CC /* Pods_Bienestar_Digital_iOSTests.framework */ = {isa = PBXFileReference; explicitFileType = wrapper.framework; includeInIndex = 0; path = Pods_Bienestar_Digital_iOSTests.framework; sourceTree = BUILT_PRODUCTS_DIR; };
		8940C3328381994ED814AD27 /* Pods-Bienestar-Digital-iOSTests.release.xcconfig */ = {isa = PBXFileReference; includeInIndex = 1; lastKnownFileType = text.xcconfig; name = "Pods-Bienestar-Digital-iOSTests.release.xcconfig"; path = "Target Support Files/Pods-Bienestar-Digital-iOSTests/Pods-Bienestar-Digital-iOSTests.release.xcconfig"; sourceTree = "<group>"; };
		BCDBA7A3470697BB66AEAB23 /* Pods-Bienestar-Digital-iOS.release.xcconfig */ = {isa = PBXFileReference; includeInIndex = 1; lastKnownFileType = text.xcconfig; name = "Pods-Bienestar-Digital-iOS.release.xcconfig"; path = "Target Support Files/Pods-Bienestar-Digital-iOS/Pods-Bienestar-Digital-iOS.release.xcconfig"; sourceTree = "<group>"; };
		C8BB77CD2907CD69A5780BFB /* Pods_Bienestar_Digital_iOS.framework */ = {isa = PBXFileReference; explicitFileType = wrapper.framework; includeInIndex = 0; path = Pods_Bienestar_Digital_iOS.framework; sourceTree = BUILT_PRODUCTS_DIR; };
		C8C5F31B42E532A4B3DEB3BA /* Pods-Bienestar-Digital-iOS-Bienestar-Digital-iOSUITests.release.xcconfig */ = {isa = PBXFileReference; includeInIndex = 1; lastKnownFileType = text.xcconfig; name = "Pods-Bienestar-Digital-iOS-Bienestar-Digital-iOSUITests.release.xcconfig"; path = "Target Support Files/Pods-Bienestar-Digital-iOS-Bienestar-Digital-iOSUITests/Pods-Bienestar-Digital-iOS-Bienestar-Digital-iOSUITests.release.xcconfig"; sourceTree = "<group>"; };
		EAC25669E92EE1228DAE786E /* Pods-Bienestar-Digital-iOS.debug.xcconfig */ = {isa = PBXFileReference; includeInIndex = 1; lastKnownFileType = text.xcconfig; name = "Pods-Bienestar-Digital-iOS.debug.xcconfig"; path = "Target Support Files/Pods-Bienestar-Digital-iOS/Pods-Bienestar-Digital-iOS.debug.xcconfig"; sourceTree = "<group>"; };
/* End PBXFileReference section */

/* Begin PBXFrameworksBuildPhase section */
		2BCB02F823A3A6FC00F64ECE /* Frameworks */ = {
			isa = PBXFrameworksBuildPhase;
			buildActionMask = 2147483647;
			files = (
				82C730B3EF26D4154FED6DCF /* Pods_Bienestar_Digital_iOS.framework in Frameworks */,
			);
			runOnlyForDeploymentPostprocessing = 0;
		};
		2BCB030E23A3A6FD00F64ECE /* Frameworks */ = {
			isa = PBXFrameworksBuildPhase;
			buildActionMask = 2147483647;
			files = (
				4AA6A545217E990E339BA23A /* Pods_Bienestar_Digital_iOSTests.framework in Frameworks */,
			);
			runOnlyForDeploymentPostprocessing = 0;
		};
		2BCB031923A3A6FD00F64ECE /* Frameworks */ = {
			isa = PBXFrameworksBuildPhase;
			buildActionMask = 2147483647;
			files = (
				F632EFAB83D2CAED1C46544E /* Pods_Bienestar_Digital_iOS_Bienestar_Digital_iOSUITests.framework in Frameworks */,
			);
			runOnlyForDeploymentPostprocessing = 0;
		};
/* End PBXFrameworksBuildPhase section */

/* Begin PBXGroup section */
		0784BB2D05F73A87B1428CA2 /* Pods */ = {
			isa = PBXGroup;
			children = (
				EAC25669E92EE1228DAE786E /* Pods-Bienestar-Digital-iOS.debug.xcconfig */,
				BCDBA7A3470697BB66AEAB23 /* Pods-Bienestar-Digital-iOS.release.xcconfig */,
				2353C03280CD80D1BE78B9AB /* Pods-Bienestar-Digital-iOS-Bienestar-Digital-iOSUITests.debug.xcconfig */,
				C8C5F31B42E532A4B3DEB3BA /* Pods-Bienestar-Digital-iOS-Bienestar-Digital-iOSUITests.release.xcconfig */,
				1250D4717B2B53B9A2AFBF6B /* Pods-Bienestar-Digital-iOSTests.debug.xcconfig */,
				8940C3328381994ED814AD27 /* Pods-Bienestar-Digital-iOSTests.release.xcconfig */,
			);
			path = Pods;
			sourceTree = "<group>";
		};
		2B04696723E1EAED00BF8F24 /* Map */ = {
			isa = PBXGroup;
			children = (
				2B04696823E1EB0A00BF8F24 /* MapViewController.swift */,
				2B04696A23E1EC5800BF8F24 /* UsageAnnotationView.swift */,
			);
			path = Map;
			sourceTree = "<group>";
		};
		2B04696C23E1F57C00BF8F24 /* Statistics */ = {
			isa = PBXGroup;
			children = (
				2B04696D23E1F59200BF8F24 /* StatisticsViewController.swift */,
			);
			path = Statistics;
			sourceTree = "<group>";
		};
		2B0E561923DDA05A003C3FA9 /* Detail */ = {
			isa = PBXGroup;
			children = (
				2B0E561A23DDA07B003C3FA9 /* AppDetailViewController.swift */,
				2B0E561E23DDABF9003C3FA9 /* UsageCell.swift */,
			);
			path = Detail;
			sourceTree = "<group>";
		};
		2B7DBE2B23F2056F008DE7FA /* Control */ = {
			isa = PBXGroup;
			children = (
				2B7DBE2C23F20589008DE7FA /* ControlViewController.swift */,
			);
			path = Control;
			sourceTree = "<group>";
		};
		2BCB02F223A3A6FC00F64ECE = {
			isa = PBXGroup;
			children = (
				2BCB02FD23A3A6FC00F64ECE /* Bienestar-Digital-iOS */,
				2BCB031423A3A6FD00F64ECE /* Bienestar-Digital-iOSTests */,
				2BCB031F23A3A6FD00F64ECE /* Bienestar-Digital-iOSUITests */,
				2BCB02FC23A3A6FC00F64ECE /* Products */,
				0784BB2D05F73A87B1428CA2 /* Pods */,
				FE094155667B485654C46A33 /* Frameworks */,
			);
			sourceTree = "<group>";
		};
		2BCB02FC23A3A6FC00F64ECE /* Products */ = {
			isa = PBXGroup;
			children = (
				2BCB02FB23A3A6FC00F64ECE /* Bienestar-Digital-iOS.app */,
				2BCB031123A3A6FD00F64ECE /* Bienestar-Digital-iOSTests.xctest */,
				2BCB031C23A3A6FD00F64ECE /* Bienestar-Digital-iOSUITests.xctest */,
			);
			name = Products;
			sourceTree = "<group>";
		};
		2BCB02FD23A3A6FC00F64ECE /* Bienestar-Digital-iOS */ = {
			isa = PBXGroup;
			children = (
				2B7DBE2B23F2056F008DE7FA /* Control */,
				2BCB02FE23A3A6FC00F64ECE /* AppDelegate.swift */,
				2BFC53CF23D76A9200394986 /* Usage.swift */,
				2B0E561923DDA05A003C3FA9 /* Detail */,
				2B04696C23E1F57C00BF8F24 /* Statistics */,
				2BE8C06223D209780026E1DD /* Home */,
				2BE8C06123D209410026E1DD /* Recover */,
				2BE8C06023D209380026E1DD /* Register */,
				2BE8C05F23D2092D0026E1DD /* Login */,
				2B04696723E1EAED00BF8F24 /* Map */,
				2BE8C06323D209900026E1DD /* Profile */,
				2BCB030423A3A6FC00F64ECE /* Main.storyboard */,
				2BCB030723A3A6FC00F64ECE /* Assets.xcassets */,
				2BCB030923A3A6FC00F64ECE /* LaunchScreen.storyboard */,
				2BCB030C23A3A6FC00F64ECE /* Info.plist */,
				2BDCA27323D5D39600FF9089 /* usage.csv */,
				2B0E561C23DDAAE9003C3FA9 /* Utils.swift */,
			);
			path = "Bienestar-Digital-iOS";
			sourceTree = "<group>";
		};
		2BCB031423A3A6FD00F64ECE /* Bienestar-Digital-iOSTests */ = {
			isa = PBXGroup;
			children = (
				2BCB031523A3A6FD00F64ECE /* Bienestar_Digital_iOSTests.swift */,
				2BCB031723A3A6FD00F64ECE /* Info.plist */,
			);
			path = "Bienestar-Digital-iOSTests";
			sourceTree = "<group>";
		};
		2BCB031F23A3A6FD00F64ECE /* Bienestar-Digital-iOSUITests */ = {
			isa = PBXGroup;
			children = (
				2BCB032023A3A6FD00F64ECE /* Bienestar_Digital_iOSUITests.swift */,
				2BCB032223A3A6FD00F64ECE /* Info.plist */,
			);
			path = "Bienestar-Digital-iOSUITests";
			sourceTree = "<group>";
		};
		2BE8C05F23D2092D0026E1DD /* Login */ = {
			isa = PBXGroup;
			children = (
				2BCB030223A3A6FC00F64ECE /* ViewController.swift */,
			);
			path = Login;
			sourceTree = "<group>";
		};
		2BE8C06023D209380026E1DD /* Register */ = {
			isa = PBXGroup;
			children = (
				2B80A21123A77F94002EC3AE /* RegisterVC.swift */,
				2BFC53D223D77C5F00394986 /* UsageRegistration.swift */,
			);
			path = Register;
			sourceTree = "<group>";
		};
		2BE8C06123D209410026E1DD /* Recover */ = {
			isa = PBXGroup;
			children = (
				2B80A21323A78435002EC3AE /* RecoverVC.swift */,
			);
			path = Recover;
			sourceTree = "<group>";
		};
		2BE8C06223D209780026E1DD /* Home */ = {
			isa = PBXGroup;
			children = (
				2B23FBDA23C9E48000D264AC /* AppCell.swift */,
				2B23FBDC23C9E55E00D264AC /* App.swift */,
				2B23FBD823C9E25700D264AC /* SeleccionarAppsVC.swift */,
				2B0E561723DD90A1003C3FA9 /* UsagesRequest.swift */,
			);
			path = Home;
			sourceTree = "<group>";
		};
		2BE8C06323D209900026E1DD /* Profile */ = {
			isa = PBXGroup;
			children = (
				2B593D5523A8D02200656FC4 /* EditUserVC.swift */,
				2B73052923E8660E008B0404 /* User.swift */,
				2B7DBE2923F1EB06008DE7FA /* UpdateUser.swift */,
			);
			path = Profile;
			sourceTree = "<group>";
		};
		FE094155667B485654C46A33 /* Frameworks */ = {
			isa = PBXGroup;
			children = (
				C8BB77CD2907CD69A5780BFB /* Pods_Bienestar_Digital_iOS.framework */,
				4850376D36DAE5E0EDDA9A89 /* Pods_Bienestar_Digital_iOS_Bienestar_Digital_iOSUITests.framework */,
				519AAA1335DAA7DEBE6350CC /* Pods_Bienestar_Digital_iOSTests.framework */,
			);
			name = Frameworks;
			sourceTree = "<group>";
		};
/* End PBXGroup section */

/* Begin PBXNativeTarget section */
		2BCB02FA23A3A6FC00F64ECE /* Bienestar-Digital-iOS */ = {
			isa = PBXNativeTarget;
			buildConfigurationList = 2BCB032523A3A6FD00F64ECE /* Build configuration list for PBXNativeTarget "Bienestar-Digital-iOS" */;
			buildPhases = (
				31F6291359823A4539E91E43 /* [CP] Check Pods Manifest.lock */,
				2BCB02F723A3A6FC00F64ECE /* Sources */,
				2BCB02F823A3A6FC00F64ECE /* Frameworks */,
				2BCB02F923A3A6FC00F64ECE /* Resources */,
				36C87F193B40BE9F87B5CF12 /* [CP] Embed Pods Frameworks */,
			);
			buildRules = (
			);
			dependencies = (
			);
			name = "Bienestar-Digital-iOS";
			productName = "Bienestar-Digital-iOS";
			productReference = 2BCB02FB23A3A6FC00F64ECE /* Bienestar-Digital-iOS.app */;
			productType = "com.apple.product-type.application";
		};
		2BCB031023A3A6FD00F64ECE /* Bienestar-Digital-iOSTests */ = {
			isa = PBXNativeTarget;
			buildConfigurationList = 2BCB032823A3A6FD00F64ECE /* Build configuration list for PBXNativeTarget "Bienestar-Digital-iOSTests" */;
			buildPhases = (
				4D29969DB8BA26D7F24DE411 /* [CP] Check Pods Manifest.lock */,
				2BCB030D23A3A6FD00F64ECE /* Sources */,
				2BCB030E23A3A6FD00F64ECE /* Frameworks */,
				2BCB030F23A3A6FD00F64ECE /* Resources */,
			);
			buildRules = (
			);
			dependencies = (
				2BCB031323A3A6FD00F64ECE /* PBXTargetDependency */,
			);
			name = "Bienestar-Digital-iOSTests";
			productName = "Bienestar-Digital-iOSTests";
			productReference = 2BCB031123A3A6FD00F64ECE /* Bienestar-Digital-iOSTests.xctest */;
			productType = "com.apple.product-type.bundle.unit-test";
		};
		2BCB031B23A3A6FD00F64ECE /* Bienestar-Digital-iOSUITests */ = {
			isa = PBXNativeTarget;
			buildConfigurationList = 2BCB032B23A3A6FD00F64ECE /* Build configuration list for PBXNativeTarget "Bienestar-Digital-iOSUITests" */;
			buildPhases = (
				01AC71DCEA18BFF2DB44956C /* [CP] Check Pods Manifest.lock */,
				2BCB031823A3A6FD00F64ECE /* Sources */,
				2BCB031923A3A6FD00F64ECE /* Frameworks */,
				2BCB031A23A3A6FD00F64ECE /* Resources */,
				1A8A9D6DBA5CA92721703AA4 /* [CP] Embed Pods Frameworks */,
			);
			buildRules = (
			);
			dependencies = (
				2BCB031E23A3A6FD00F64ECE /* PBXTargetDependency */,
			);
			name = "Bienestar-Digital-iOSUITests";
			productName = "Bienestar-Digital-iOSUITests";
			productReference = 2BCB031C23A3A6FD00F64ECE /* Bienestar-Digital-iOSUITests.xctest */;
			productType = "com.apple.product-type.bundle.ui-testing";
		};
/* End PBXNativeTarget section */

/* Begin PBXProject section */
		2BCB02F323A3A6FC00F64ECE /* Project object */ = {
			isa = PBXProject;
			attributes = {
				LastSwiftUpdateCheck = 1130;
				LastUpgradeCheck = 1130;
				ORGANIZATIONNAME = "Alejandro Marañés";
				TargetAttributes = {
					2BCB02FA23A3A6FC00F64ECE = {
						CreatedOnToolsVersion = 11.3;
					};
					2BCB031023A3A6FD00F64ECE = {
						CreatedOnToolsVersion = 11.3;
						TestTargetID = 2BCB02FA23A3A6FC00F64ECE;
					};
					2BCB031B23A3A6FD00F64ECE = {
						CreatedOnToolsVersion = 11.3;
						TestTargetID = 2BCB02FA23A3A6FC00F64ECE;
					};
				};
			};
			buildConfigurationList = 2BCB02F623A3A6FC00F64ECE /* Build configuration list for PBXProject "Bienestar-Digital-iOS" */;
			compatibilityVersion = "Xcode 9.3";
			developmentRegion = en;
			hasScannedForEncodings = 0;
			knownRegions = (
				en,
				Base,
			);
			mainGroup = 2BCB02F223A3A6FC00F64ECE;
			productRefGroup = 2BCB02FC23A3A6FC00F64ECE /* Products */;
			projectDirPath = "";
			projectRoot = "";
			targets = (
				2BCB02FA23A3A6FC00F64ECE /* Bienestar-Digital-iOS */,
				2BCB031023A3A6FD00F64ECE /* Bienestar-Digital-iOSTests */,
				2BCB031B23A3A6FD00F64ECE /* Bienestar-Digital-iOSUITests */,
			);
		};
/* End PBXProject section */

/* Begin PBXResourcesBuildPhase section */
		2BCB02F923A3A6FC00F64ECE /* Resources */ = {
			isa = PBXResourcesBuildPhase;
			buildActionMask = 2147483647;
			files = (
				2BDCA27423D5D39600FF9089 /* usage.csv in Resources */,
				2BCB030B23A3A6FC00F64ECE /* LaunchScreen.storyboard in Resources */,
				2BCB030823A3A6FC00F64ECE /* Assets.xcassets in Resources */,
				2BCB030623A3A6FC00F64ECE /* Main.storyboard in Resources */,
			);
			runOnlyForDeploymentPostprocessing = 0;
		};
		2BCB030F23A3A6FD00F64ECE /* Resources */ = {
			isa = PBXResourcesBuildPhase;
			buildActionMask = 2147483647;
			files = (
			);
			runOnlyForDeploymentPostprocessing = 0;
		};
		2BCB031A23A3A6FD00F64ECE /* Resources */ = {
			isa = PBXResourcesBuildPhase;
			buildActionMask = 2147483647;
			files = (
			);
			runOnlyForDeploymentPostprocessing = 0;
		};
/* End PBXResourcesBuildPhase section */

/* Begin PBXShellScriptBuildPhase section */
		01AC71DCEA18BFF2DB44956C /* [CP] Check Pods Manifest.lock */ = {
			isa = PBXShellScriptBuildPhase;
			buildActionMask = 2147483647;
			files = (
			);
			inputFileListPaths = (
			);
			inputPaths = (
				"${PODS_PODFILE_DIR_PATH}/Podfile.lock",
				"${PODS_ROOT}/Manifest.lock",
			);
			name = "[CP] Check Pods Manifest.lock";
			outputFileListPaths = (
			);
			outputPaths = (
				"$(DERIVED_FILE_DIR)/Pods-Bienestar-Digital-iOS-Bienestar-Digital-iOSUITests-checkManifestLockResult.txt",
			);
			runOnlyForDeploymentPostprocessing = 0;
			shellPath = /bin/sh;
			shellScript = "diff \"${PODS_PODFILE_DIR_PATH}/Podfile.lock\" \"${PODS_ROOT}/Manifest.lock\" > /dev/null\nif [ $? != 0 ] ; then\n    # print error to STDERR\n    echo \"error: The sandbox is not in sync with the Podfile.lock. Run 'pod install' or update your CocoaPods installation.\" >&2\n    exit 1\nfi\n# This output is used by Xcode 'outputs' to avoid re-running this script phase.\necho \"SUCCESS\" > \"${SCRIPT_OUTPUT_FILE_0}\"\n";
			showEnvVarsInLog = 0;
		};
		1A8A9D6DBA5CA92721703AA4 /* [CP] Embed Pods Frameworks */ = {
			isa = PBXShellScriptBuildPhase;
			buildActionMask = 2147483647;
			files = (
			);
			inputFileListPaths = (
				"${PODS_ROOT}/Target Support Files/Pods-Bienestar-Digital-iOS-Bienestar-Digital-iOSUITests/Pods-Bienestar-Digital-iOS-Bienestar-Digital-iOSUITests-frameworks-${CONFIGURATION}-input-files.xcfilelist",
			);
			name = "[CP] Embed Pods Frameworks";
			outputFileListPaths = (
				"${PODS_ROOT}/Target Support Files/Pods-Bienestar-Digital-iOS-Bienestar-Digital-iOSUITests/Pods-Bienestar-Digital-iOS-Bienestar-Digital-iOSUITests-frameworks-${CONFIGURATION}-output-files.xcfilelist",
			);
			runOnlyForDeploymentPostprocessing = 0;
			shellPath = /bin/sh;
			shellScript = "\"${PODS_ROOT}/Target Support Files/Pods-Bienestar-Digital-iOS-Bienestar-Digital-iOSUITests/Pods-Bienestar-Digital-iOS-Bienestar-Digital-iOSUITests-frameworks.sh\"\n";
			showEnvVarsInLog = 0;
		};
		31F6291359823A4539E91E43 /* [CP] Check Pods Manifest.lock */ = {
			isa = PBXShellScriptBuildPhase;
			buildActionMask = 2147483647;
			files = (
			);
			inputFileListPaths = (
			);
			inputPaths = (
				"${PODS_PODFILE_DIR_PATH}/Podfile.lock",
				"${PODS_ROOT}/Manifest.lock",
			);
			name = "[CP] Check Pods Manifest.lock";
			outputFileListPaths = (
			);
			outputPaths = (
				"$(DERIVED_FILE_DIR)/Pods-Bienestar-Digital-iOS-checkManifestLockResult.txt",
			);
			runOnlyForDeploymentPostprocessing = 0;
			shellPath = /bin/sh;
			shellScript = "diff \"${PODS_PODFILE_DIR_PATH}/Podfile.lock\" \"${PODS_ROOT}/Manifest.lock\" > /dev/null\nif [ $? != 0 ] ; then\n    # print error to STDERR\n    echo \"error: The sandbox is not in sync with the Podfile.lock. Run 'pod install' or update your CocoaPods installation.\" >&2\n    exit 1\nfi\n# This output is used by Xcode 'outputs' to avoid re-running this script phase.\necho \"SUCCESS\" > \"${SCRIPT_OUTPUT_FILE_0}\"\n";
			showEnvVarsInLog = 0;
		};
		36C87F193B40BE9F87B5CF12 /* [CP] Embed Pods Frameworks */ = {
			isa = PBXShellScriptBuildPhase;
			buildActionMask = 2147483647;
			files = (
			);
			inputFileListPaths = (
				"${PODS_ROOT}/Target Support Files/Pods-Bienestar-Digital-iOS/Pods-Bienestar-Digital-iOS-frameworks-${CONFIGURATION}-input-files.xcfilelist",
			);
			name = "[CP] Embed Pods Frameworks";
			outputFileListPaths = (
				"${PODS_ROOT}/Target Support Files/Pods-Bienestar-Digital-iOS/Pods-Bienestar-Digital-iOS-frameworks-${CONFIGURATION}-output-files.xcfilelist",
			);
			runOnlyForDeploymentPostprocessing = 0;
			shellPath = /bin/sh;
			shellScript = "\"${PODS_ROOT}/Target Support Files/Pods-Bienestar-Digital-iOS/Pods-Bienestar-Digital-iOS-frameworks.sh\"\n";
			showEnvVarsInLog = 0;
		};
		4D29969DB8BA26D7F24DE411 /* [CP] Check Pods Manifest.lock */ = {
			isa = PBXShellScriptBuildPhase;
			buildActionMask = 2147483647;
			files = (
			);
			inputFileListPaths = (
			);
			inputPaths = (
				"${PODS_PODFILE_DIR_PATH}/Podfile.lock",
				"${PODS_ROOT}/Manifest.lock",
			);
			name = "[CP] Check Pods Manifest.lock";
			outputFileListPaths = (
			);
			outputPaths = (
				"$(DERIVED_FILE_DIR)/Pods-Bienestar-Digital-iOSTests-checkManifestLockResult.txt",
			);
			runOnlyForDeploymentPostprocessing = 0;
			shellPath = /bin/sh;
			shellScript = "diff \"${PODS_PODFILE_DIR_PATH}/Podfile.lock\" \"${PODS_ROOT}/Manifest.lock\" > /dev/null\nif [ $? != 0 ] ; then\n    # print error to STDERR\n    echo \"error: The sandbox is not in sync with the Podfile.lock. Run 'pod install' or update your CocoaPods installation.\" >&2\n    exit 1\nfi\n# This output is used by Xcode 'outputs' to avoid re-running this script phase.\necho \"SUCCESS\" > \"${SCRIPT_OUTPUT_FILE_0}\"\n";
			showEnvVarsInLog = 0;
		};
/* End PBXShellScriptBuildPhase section */

/* Begin PBXSourcesBuildPhase section */
		2BCB02F723A3A6FC00F64ECE /* Sources */ = {
			isa = PBXSourcesBuildPhase;
			buildActionMask = 2147483647;
			files = (
				2B23FBDD23C9E55E00D264AC /* App.swift in Sources */,
				2BCB030323A3A6FC00F64ECE /* ViewController.swift in Sources */,
				2BFC53D123D76CAC00394986 /* Usage.swift in Sources */,
				2B0E561B23DDA07B003C3FA9 /* AppDetailViewController.swift in Sources */,
				2B23FBDB23C9E48000D264AC /* AppCell.swift in Sources */,
				2B0E561D23DDAAE9003C3FA9 /* Utils.swift in Sources */,
				2B593D5623A8D02200656FC4 /* EditUserVC.swift in Sources */,
				2B04696E23E1F59200BF8F24 /* StatisticsViewController.swift in Sources */,
				2B80A21223A77F94002EC3AE /* RegisterVC.swift in Sources */,
				2B7DBE2A23F1EB06008DE7FA /* UpdateUser.swift in Sources */,
				2BCB02FF23A3A6FC00F64ECE /* AppDelegate.swift in Sources */,
				2B0E561823DD90A1003C3FA9 /* UsagesRequest.swift in Sources */,
				2B23FBD923C9E25700D264AC /* SeleccionarAppsVC.swift in Sources */,
				2B0E561F23DDABF9003C3FA9 /* UsageCell.swift in Sources */,
				2BFC53D323D77C5F00394986 /* UsageRegistration.swift in Sources */,
				2B73052A23E8660E008B0404 /* User.swift in Sources */,
				2B04696923E1EB0A00BF8F24 /* MapViewController.swift in Sources */,
				2B80A21423A78435002EC3AE /* RecoverVC.swift in Sources */,
				2B7DBE2D23F20589008DE7FA /* ControlViewController.swift in Sources */,
				2B04696B23E1EC5800BF8F24 /* UsageAnnotationView.swift in Sources */,
			);
			runOnlyForDeploymentPostprocessing = 0;
		};
		2BCB030D23A3A6FD00F64ECE /* Sources */ = {
			isa = PBXSourcesBuildPhase;
			buildActionMask = 2147483647;
			files = (
				2BCB031623A3A6FD00F64ECE /* Bienestar_Digital_iOSTests.swift in Sources */,
			);
			runOnlyForDeploymentPostprocessing = 0;
		};
		2BCB031823A3A6FD00F64ECE /* Sources */ = {
			isa = PBXSourcesBuildPhase;
			buildActionMask = 2147483647;
			files = (
				2BCB032123A3A6FD00F64ECE /* Bienestar_Digital_iOSUITests.swift in Sources */,
			);
			runOnlyForDeploymentPostprocessing = 0;
		};
/* End PBXSourcesBuildPhase section */

/* Begin PBXTargetDependency section */
		2BCB031323A3A6FD00F64ECE /* PBXTargetDependency */ = {
			isa = PBXTargetDependency;
			target = 2BCB02FA23A3A6FC00F64ECE /* Bienestar-Digital-iOS */;
			targetProxy = 2BCB031223A3A6FD00F64ECE /* PBXContainerItemProxy */;
		};
		2BCB031E23A3A6FD00F64ECE /* PBXTargetDependency */ = {
			isa = PBXTargetDependency;
			target = 2BCB02FA23A3A6FC00F64ECE /* Bienestar-Digital-iOS */;
			targetProxy = 2BCB031D23A3A6FD00F64ECE /* PBXContainerItemProxy */;
		};
/* End PBXTargetDependency section */

/* Begin PBXVariantGroup section */
		2BCB030423A3A6FC00F64ECE /* Main.storyboard */ = {
			isa = PBXVariantGroup;
			children = (
				2BCB030523A3A6FC00F64ECE /* Base */,
			);
			name = Main.storyboard;
			sourceTree = "<group>";
		};
		2BCB030923A3A6FC00F64ECE /* LaunchScreen.storyboard */ = {
			isa = PBXVariantGroup;
			children = (
				2BCB030A23A3A6FC00F64ECE /* Base */,
			);
			name = LaunchScreen.storyboard;
			sourceTree = "<group>";
		};
/* End PBXVariantGroup section */

/* Begin XCBuildConfiguration section */
		2BCB032323A3A6FD00F64ECE /* Debug */ = {
			isa = XCBuildConfiguration;
			buildSettings = {
				ALWAYS_SEARCH_USER_PATHS = NO;
				CLANG_ANALYZER_NONNULL = YES;
				CLANG_ANALYZER_NUMBER_OBJECT_CONVERSION = YES_AGGRESSIVE;
				CLANG_CXX_LANGUAGE_STANDARD = "gnu++14";
				CLANG_CXX_LIBRARY = "libc++";
				CLANG_ENABLE_MODULES = YES;
				CLANG_ENABLE_OBJC_ARC = YES;
				CLANG_ENABLE_OBJC_WEAK = YES;
				CLANG_WARN_BLOCK_CAPTURE_AUTORELEASING = YES;
				CLANG_WARN_BOOL_CONVERSION = YES;
				CLANG_WARN_COMMA = YES;
				CLANG_WARN_CONSTANT_CONVERSION = YES;
				CLANG_WARN_DEPRECATED_OBJC_IMPLEMENTATIONS = YES;
				CLANG_WARN_DIRECT_OBJC_ISA_USAGE = YES_ERROR;
				CLANG_WARN_DOCUMENTATION_COMMENTS = YES;
				CLANG_WARN_EMPTY_BODY = YES;
				CLANG_WARN_ENUM_CONVERSION = YES;
				CLANG_WARN_INFINITE_RECURSION = YES;
				CLANG_WARN_INT_CONVERSION = YES;
				CLANG_WARN_NON_LITERAL_NULL_CONVERSION = YES;
				CLANG_WARN_OBJC_IMPLICIT_RETAIN_SELF = YES;
				CLANG_WARN_OBJC_LITERAL_CONVERSION = YES;
				CLANG_WARN_OBJC_ROOT_CLASS = YES_ERROR;
				CLANG_WARN_RANGE_LOOP_ANALYSIS = YES;
				CLANG_WARN_STRICT_PROTOTYPES = YES;
				CLANG_WARN_SUSPICIOUS_MOVE = YES;
				CLANG_WARN_UNGUARDED_AVAILABILITY = YES_AGGRESSIVE;
				CLANG_WARN_UNREACHABLE_CODE = YES;
				CLANG_WARN__DUPLICATE_METHOD_MATCH = YES;
				COPY_PHASE_STRIP = NO;
				DEBUG_INFORMATION_FORMAT = dwarf;
				ENABLE_STRICT_OBJC_MSGSEND = YES;
				ENABLE_TESTABILITY = YES;
				GCC_C_LANGUAGE_STANDARD = gnu11;
				GCC_DYNAMIC_NO_PIC = NO;
				GCC_NO_COMMON_BLOCKS = YES;
				GCC_OPTIMIZATION_LEVEL = 0;
				GCC_PREPROCESSOR_DEFINITIONS = (
					"DEBUG=1",
					"$(inherited)",
				);
				GCC_WARN_64_TO_32_BIT_CONVERSION = YES;
				GCC_WARN_ABOUT_RETURN_TYPE = YES_ERROR;
				GCC_WARN_UNDECLARED_SELECTOR = YES;
				GCC_WARN_UNINITIALIZED_AUTOS = YES_AGGRESSIVE;
				GCC_WARN_UNUSED_FUNCTION = YES;
				GCC_WARN_UNUSED_VARIABLE = YES;
				IPHONEOS_DEPLOYMENT_TARGET = 13.2;
				MTL_ENABLE_DEBUG_INFO = INCLUDE_SOURCE;
				MTL_FAST_MATH = YES;
				ONLY_ACTIVE_ARCH = YES;
				SDKROOT = iphoneos;
				SWIFT_ACTIVE_COMPILATION_CONDITIONS = DEBUG;
				SWIFT_OPTIMIZATION_LEVEL = "-Onone";
			};
			name = Debug;
		};
		2BCB032423A3A6FD00F64ECE /* Release */ = {
			isa = XCBuildConfiguration;
			buildSettings = {
				ALWAYS_SEARCH_USER_PATHS = NO;
				CLANG_ANALYZER_NONNULL = YES;
				CLANG_ANALYZER_NUMBER_OBJECT_CONVERSION = YES_AGGRESSIVE;
				CLANG_CXX_LANGUAGE_STANDARD = "gnu++14";
				CLANG_CXX_LIBRARY = "libc++";
				CLANG_ENABLE_MODULES = YES;
				CLANG_ENABLE_OBJC_ARC = YES;
				CLANG_ENABLE_OBJC_WEAK = YES;
				CLANG_WARN_BLOCK_CAPTURE_AUTORELEASING = YES;
				CLANG_WARN_BOOL_CONVERSION = YES;
				CLANG_WARN_COMMA = YES;
				CLANG_WARN_CONSTANT_CONVERSION = YES;
				CLANG_WARN_DEPRECATED_OBJC_IMPLEMENTATIONS = YES;
				CLANG_WARN_DIRECT_OBJC_ISA_USAGE = YES_ERROR;
				CLANG_WARN_DOCUMENTATION_COMMENTS = YES;
				CLANG_WARN_EMPTY_BODY = YES;
				CLANG_WARN_ENUM_CONVERSION = YES;
				CLANG_WARN_INFINITE_RECURSION = YES;
				CLANG_WARN_INT_CONVERSION = YES;
				CLANG_WARN_NON_LITERAL_NULL_CONVERSION = YES;
				CLANG_WARN_OBJC_IMPLICIT_RETAIN_SELF = YES;
				CLANG_WARN_OBJC_LITERAL_CONVERSION = YES;
				CLANG_WARN_OBJC_ROOT_CLASS = YES_ERROR;
				CLANG_WARN_RANGE_LOOP_ANALYSIS = YES;
				CLANG_WARN_STRICT_PROTOTYPES = YES;
				CLANG_WARN_SUSPICIOUS_MOVE = YES;
				CLANG_WARN_UNGUARDED_AVAILABILITY = YES_AGGRESSIVE;
				CLANG_WARN_UNREACHABLE_CODE = YES;
				CLANG_WARN__DUPLICATE_METHOD_MATCH = YES;
				COPY_PHASE_STRIP = NO;
				DEBUG_INFORMATION_FORMAT = "dwarf-with-dsym";
				ENABLE_NS_ASSERTIONS = NO;
				ENABLE_STRICT_OBJC_MSGSEND = YES;
				GCC_C_LANGUAGE_STANDARD = gnu11;
				GCC_NO_COMMON_BLOCKS = YES;
				GCC_WARN_64_TO_32_BIT_CONVERSION = YES;
				GCC_WARN_ABOUT_RETURN_TYPE = YES_ERROR;
				GCC_WARN_UNDECLARED_SELECTOR = YES;
				GCC_WARN_UNINITIALIZED_AUTOS = YES_AGGRESSIVE;
				GCC_WARN_UNUSED_FUNCTION = YES;
				GCC_WARN_UNUSED_VARIABLE = YES;
				IPHONEOS_DEPLOYMENT_TARGET = 13.2;
				MTL_ENABLE_DEBUG_INFO = NO;
				MTL_FAST_MATH = YES;
				SDKROOT = iphoneos;
				SWIFT_COMPILATION_MODE = wholemodule;
				SWIFT_OPTIMIZATION_LEVEL = "-O";
				VALIDATE_PRODUCT = YES;
			};
			name = Release;
		};
		2BCB032623A3A6FD00F64ECE /* Debug */ = {
			isa = XCBuildConfiguration;
			baseConfigurationReference = EAC25669E92EE1228DAE786E /* Pods-Bienestar-Digital-iOS.debug.xcconfig */;
			buildSettings = {
				ASSETCATALOG_COMPILER_APPICON_NAME = AppIcon;
				CODE_SIGN_STYLE = Automatic;
				DEVELOPMENT_TEAM = KLBY2DFSR9;
				INFOPLIST_FILE = "Bienestar-Digital-iOS/Info.plist";
				LD_RUNPATH_SEARCH_PATHS = (
					"$(inherited)",
					"@executable_path/Frameworks",
				);
				PRODUCT_BUNDLE_IDENTIFIER = "Alejandro-Maran-e-s.Bienestar-Digital-iOS";
				PRODUCT_NAME = "$(TARGET_NAME)";
				SWIFT_VERSION = 5.0;
				TARGETED_DEVICE_FAMILY = "1,2";
			};
			name = Debug;
		};
		2BCB032723A3A6FD00F64ECE /* Release */ = {
			isa = XCBuildConfiguration;
			baseConfigurationReference = BCDBA7A3470697BB66AEAB23 /* Pods-Bienestar-Digital-iOS.release.xcconfig */;
			buildSettings = {
				ASSETCATALOG_COMPILER_APPICON_NAME = AppIcon;
				CODE_SIGN_STYLE = Automatic;
				DEVELOPMENT_TEAM = KLBY2DFSR9;
				INFOPLIST_FILE = "Bienestar-Digital-iOS/Info.plist";
				LD_RUNPATH_SEARCH_PATHS = (
					"$(inherited)",
					"@executable_path/Frameworks",
				);
				PRODUCT_BUNDLE_IDENTIFIER = "Alejandro-Maran-e-s.Bienestar-Digital-iOS";
				PRODUCT_NAME = "$(TARGET_NAME)";
				SWIFT_VERSION = 5.0;
				TARGETED_DEVICE_FAMILY = "1,2";
			};
			name = Release;
		};
		2BCB032923A3A6FD00F64ECE /* Debug */ = {
			isa = XCBuildConfiguration;
			baseConfigurationReference = 1250D4717B2B53B9A2AFBF6B /* Pods-Bienestar-Digital-iOSTests.debug.xcconfig */;
			buildSettings = {
				ALWAYS_EMBED_SWIFT_STANDARD_LIBRARIES = YES;
				BUNDLE_LOADER = "$(TEST_HOST)";
				CODE_SIGN_STYLE = Automatic;
				DEVELOPMENT_TEAM = KLBY2DFSR9;
				INFOPLIST_FILE = "Bienestar-Digital-iOSTests/Info.plist";
				IPHONEOS_DEPLOYMENT_TARGET = 13.2;
				LD_RUNPATH_SEARCH_PATHS = (
					"$(inherited)",
					"@executable_path/Frameworks",
					"@loader_path/Frameworks",
				);
				PRODUCT_BUNDLE_IDENTIFIER = "Alejandro-Maran-e-s.Bienestar-Digital-iOSTests";
				PRODUCT_NAME = "$(TARGET_NAME)";
				SWIFT_VERSION = 5.0;
				TARGETED_DEVICE_FAMILY = "1,2";
				TEST_HOST = "$(BUILT_PRODUCTS_DIR)/Bienestar-Digital-iOS.app/Bienestar-Digital-iOS";
			};
			name = Debug;
		};
		2BCB032A23A3A6FD00F64ECE /* Release */ = {
			isa = XCBuildConfiguration;
			baseConfigurationReference = 8940C3328381994ED814AD27 /* Pods-Bienestar-Digital-iOSTests.release.xcconfig */;
			buildSettings = {
				ALWAYS_EMBED_SWIFT_STANDARD_LIBRARIES = YES;
				BUNDLE_LOADER = "$(TEST_HOST)";
				CODE_SIGN_STYLE = Automatic;
				DEVELOPMENT_TEAM = KLBY2DFSR9;
				INFOPLIST_FILE = "Bienestar-Digital-iOSTests/Info.plist";
				IPHONEOS_DEPLOYMENT_TARGET = 13.2;
				LD_RUNPATH_SEARCH_PATHS = (
					"$(inherited)",
					"@executable_path/Frameworks",
					"@loader_path/Frameworks",
				);
				PRODUCT_BUNDLE_IDENTIFIER = "Alejandro-Maran-e-s.Bienestar-Digital-iOSTests";
				PRODUCT_NAME = "$(TARGET_NAME)";
				SWIFT_VERSION = 5.0;
				TARGETED_DEVICE_FAMILY = "1,2";
				TEST_HOST = "$(BUILT_PRODUCTS_DIR)/Bienestar-Digital-iOS.app/Bienestar-Digital-iOS";
			};
			name = Release;
		};
		2BCB032C23A3A6FD00F64ECE /* Debug */ = {
			isa = XCBuildConfiguration;
			baseConfigurationReference = 2353C03280CD80D1BE78B9AB /* Pods-Bienestar-Digital-iOS-Bienestar-Digital-iOSUITests.debug.xcconfig */;
			buildSettings = {
				ALWAYS_EMBED_SWIFT_STANDARD_LIBRARIES = YES;
				CODE_SIGN_STYLE = Automatic;
				DEVELOPMENT_TEAM = KLBY2DFSR9;
				INFOPLIST_FILE = "Bienestar-Digital-iOSUITests/Info.plist";
				LD_RUNPATH_SEARCH_PATHS = (
					"$(inherited)",
					"@executable_path/Frameworks",
					"@loader_path/Frameworks",
				);
				PRODUCT_BUNDLE_IDENTIFIER = "Alejandro-Maran-e-s.Bienestar-Digital-iOSUITests";
				PRODUCT_NAME = "$(TARGET_NAME)";
				SWIFT_VERSION = 5.0;
				TARGETED_DEVICE_FAMILY = "1,2";
				TEST_TARGET_NAME = "Bienestar-Digital-iOS";
			};
			name = Debug;
		};
		2BCB032D23A3A6FD00F64ECE /* Release */ = {
			isa = XCBuildConfiguration;
			baseConfigurationReference = C8C5F31B42E532A4B3DEB3BA /* Pods-Bienestar-Digital-iOS-Bienestar-Digital-iOSUITests.release.xcconfig */;
			buildSettings = {
				ALWAYS_EMBED_SWIFT_STANDARD_LIBRARIES = YES;
				CODE_SIGN_STYLE = Automatic;
				DEVELOPMENT_TEAM = KLBY2DFSR9;
				INFOPLIST_FILE = "Bienestar-Digital-iOSUITests/Info.plist";
				LD_RUNPATH_SEARCH_PATHS = (
					"$(inherited)",
					"@executable_path/Frameworks",
					"@loader_path/Frameworks",
				);
				PRODUCT_BUNDLE_IDENTIFIER = "Alejandro-Maran-e-s.Bienestar-Digital-iOSUITests";
				PRODUCT_NAME = "$(TARGET_NAME)";
				SWIFT_VERSION = 5.0;
				TARGETED_DEVICE_FAMILY = "1,2";
				TEST_TARGET_NAME = "Bienestar-Digital-iOS";
			};
			name = Release;
		};
/* End XCBuildConfiguration section */

/* Begin XCConfigurationList section */
		2BCB02F623A3A6FC00F64ECE /* Build configuration list for PBXProject "Bienestar-Digital-iOS" */ = {
			isa = XCConfigurationList;
			buildConfigurations = (
				2BCB032323A3A6FD00F64ECE /* Debug */,
				2BCB032423A3A6FD00F64ECE /* Release */,
			);
			defaultConfigurationIsVisible = 0;
			defaultConfigurationName = Release;
		};
		2BCB032523A3A6FD00F64ECE /* Build configuration list for PBXNativeTarget "Bienestar-Digital-iOS" */ = {
			isa = XCConfigurationList;
			buildConfigurations = (
				2BCB032623A3A6FD00F64ECE /* Debug */,
				2BCB032723A3A6FD00F64ECE /* Release */,
			);
			defaultConfigurationIsVisible = 0;
			defaultConfigurationName = Release;
		};
		2BCB032823A3A6FD00F64ECE /* Build configuration list for PBXNativeTarget "Bienestar-Digital-iOSTests" */ = {
			isa = XCConfigurationList;
			buildConfigurations = (
				2BCB032923A3A6FD00F64ECE /* Debug */,
				2BCB032A23A3A6FD00F64ECE /* Release */,
			);
			defaultConfigurationIsVisible = 0;
			defaultConfigurationName = Release;
		};
		2BCB032B23A3A6FD00F64ECE /* Build configuration list for PBXNativeTarget "Bienestar-Digital-iOSUITests" */ = {
			isa = XCConfigurationList;
			buildConfigurations = (
				2BCB032C23A3A6FD00F64ECE /* Debug */,
				2BCB032D23A3A6FD00F64ECE /* Release */,
			);
			defaultConfigurationIsVisible = 0;
			defaultConfigurationName = Release;
		};
/* End XCConfigurationList section */
	};
	rootObject = 2BCB02F323A3A6FC00F64ECE /* Project object */;
}
